
Microsoft Visual Studio Solution File, Format Version 12.00
# Visual Studio Version 17
VisualStudioVersion = 17.2.32616.157
MinimumVisualStudioVersion = 10.0.40219.1
Project("{FAE04EC0-301F-11D3-BF4B-00C04F79EFBC}") = "RampUpAssignment1", "RampUpAssignment1\RampUpAssignment1.csproj", "{F5044B45-7D69-492E-A722-E62BB823D533}"
EndProject
Global
	GlobalSection(SolutionConfigurationPlatforms) = preSolution
		Debug|Any CPU = Debug|Any CPU
		Release|Any CPU = Release|Any CPU
	EndGlobalSection
	GlobalSection(ProjectConfigurationPlatforms) = postSolution
		{F5044B45-7D69-492E-A722-E62BB823D533}.Debug|Any CPU.ActiveCfg = Debug|Any CPU
		{F5044B45-7D69-492E-A722-E62BB823D533}.Debug|Any CPU.Build.0 = Debug|Any CPU
		{F5044B45-7D69-492E-A722-E62BB823D533}.Release|Any CPU.ActiveCfg = Release|Any CPU
		{F5044B45-7D69-492E-A722-E62BB823D533}.Release|Any CPU.Build.0 = Release|Any CPU
	EndGlobalSection
	GlobalSection(SolutionProperties) = preSolution
		HideSolutionNode = FALSE
	EndGlobalSection
	GlobalSection(ExtensibilityGlobals) = postSolution
		SolutionGuid = {9497A393-6778-4296-BE79-35D0B79DD6D5}
	EndGlobalSection
EndGlobal
